github.com/google/go-cmp v0.6.0 h1:ofyhxvXcZhMsU5ulbFiLKl/XBFqE1GSq7atu8tAmTRI=
github.com/google/go-cmp v0.6.0/go.mod h1:17dUlkBOakJ0+DkrSSNjCkIjxS6bF9zb3elmeNGIjoY=
github.com/ondi/go-jwt v0.0.0-20240928214704-e60a573c14c3 h1:/eWsRaVm2NLi0GlM6Fm914vqOXna4cpWYWPZ1E1ntjk=
github.com/ondi/go-jwt v0.0.0-20240928214704-e60a573c14c3/go.mod h1:HPdLb/adlF2YYI/COQAwdD8vhEWfKVxNHWTh5+P5J+E=
github.com/ondi/go-tst v0.0.0-20241013204957-e5883b2ac5e3 h1:F8m9Lfhtlot5PKzXUzXzvvyaVIC49eIidq+ZEyhsBzw=
github.com/ondi/go-tst v0.0.0-20241013204957-e5883b2ac5e3/go.mod h1:6kGHTJHkpxi9KFaH5mupvt+MBWGuPvdMjpIxu6l0Pmg=
github.com/pkg/errors v0.9.1 h1:FEBLx1zS214owpjy7qsBeixbURkuhQAwrK5UwLGTwt4=
github.com/pkg/errors v0.9.1/go.mod h1:bwawxfHBFNV+L2hUp1rHADufV3IMtnDRdf1r5NINEl0=
gotest.tools v2.2.0+incompatible h1:VsBPFP1AI068pPrMxtb/S8Zkgf9xEmTLJjfM+P5UIEo=
gotest.tools v2.2.0+incompatible/go.mod h1:DsYFclhRJ6vuDpmuTbkuFWG+y2sxOXAzmJt81HFBacw=
