github.com/google/go-cmp v0.7.0 h1:wk8382ETsv4JYUZwIsn6YpYiWiBsYLSJiTsyBybVuN8=
github.com/google/go-cmp v0.7.0/go.mod h1:pXiqmnSA92OHEEa9HXL2W4E7lf9JzCmGVUdgjX3N/iU=
github.com/ondi/go-jwt v0.0.0-20250228093032-7e47584a4519 h1:p6tgF62fqeGbD6PXPTpWJJfaPrZjwwpOhfYD8Zy7nug=
github.com/ondi/go-jwt v0.0.0-20250228093032-7e47584a4519/go.mod h1:7HyYN7Ox34E38VlqV9WkNqV3Llwvy/IjHnr4oElUTKY=
github.com/ondi/go-tst v0.0.0-20250625150331-db83c7af64c6 h1:kpG+j5qmRwhHdvnm/x98PBua8VqvtZh9RLoWTne2ASs=
github.com/ondi/go-tst v0.0.0-20250625150331-db83c7af64c6/go.mod h1:cGrTydPs4pWqcOx8pasvmcCRSczZZ8wK30FDr2ZBiLI=
github.com/pkg/errors v0.9.1 h1:FEBLx1zS214owpjy7qsBeixbURkuhQAwrK5UwLGTwt4=
github.com/pkg/errors v0.9.1/go.mod h1:bwawxfHBFNV+L2hUp1rHADufV3IMtnDRdf1r5NINEl0=
gotest.tools v2.2.0+incompatible h1:VsBPFP1AI068pPrMxtb/S8Zkgf9xEmTLJjfM+P5UIEo=
gotest.tools v2.2.0+incompatible/go.mod h1:DsYFclhRJ6vuDpmuTbkuFWG+y2sxOXAzmJt81HFBacw=
